// !$*UTF8*$!
{
	archiveVersion = 1;
	classes = {
	};
	objectVersion = 46;
	objects = {

/* Begin PBXBuildFile section */
		0B27E5EE1E7726420012F20E /* AppDelegate.swift in Sources */ = {isa = PBXBuildFile; fileRef = 0B27E5ED1E7726420012F20E /* AppDelegate.swift */; };
		0B27E5F01E7726420012F20E /* ViewController.swift in Sources */ = {isa = PBXBuildFile; fileRef = 0B27E5EF1E7726420012F20E /* ViewController.swift */; };
		0B27E5F31E7726420012F20E /* Main.storyboard in Resources */ = {isa = PBXBuildFile; fileRef = 0B27E5F11E7726420012F20E /* Main.storyboard */; };
		0B27E5F51E7726420012F20E /* Assets.xcassets in Resources */ = {isa = PBXBuildFile; fileRef = 0B27E5F41E7726420012F20E /* Assets.xcassets */; };
		0B27E5F81E7726420012F20E /* LaunchScreen.storyboard in Resources */ = {isa = PBXBuildFile; fileRef = 0B27E5F61E7726420012F20E /* LaunchScreen.storyboard */; };
		0B27E6021E776E7B0012F20E /* Tornado Siren-SoundBible.com-897026957.wav in Resources */ = {isa = PBXBuildFile; fileRef = 0B27E6011E776E7B0012F20E /* Tornado Siren-SoundBible.com-897026957.wav */; };
		0B27E6051E7778BD0012F20E /* MapKit.framework in Frameworks */ = {isa = PBXBuildFile; fileRef = 0B27E6041E7778BD0012F20E /* MapKit.framework */; };
		0B27E60C1E779E800012F20E /* DecisionViewController.swift in Sources */ = {isa = PBXBuildFile; fileRef = 0B27E60B1E779E800012F20E /* DecisionViewController.swift */; };
/* End PBXBuildFile section */

/* Begin PBXFileReference section */
		0B27E5EA1E7726420012F20E /* outage-alert.app */ = {isa = PBXFileReference; explicitFileType = wrapper.application; includeInIndex = 0; path = "outage-alert.app"; sourceTree = BUILT_PRODUCTS_DIR; };
		0B27E5ED1E7726420012F20E /* AppDelegate.swift */ = {isa = PBXFileReference; lastKnownFileType = sourcecode.swift; path = AppDelegate.swift; sourceTree = "<group>"; };
		0B27E5EF1E7726420012F20E /* ViewController.swift */ = {isa = PBXFileReference; lastKnownFileType = sourcecode.swift; path = ViewController.swift; sourceTree = "<group>"; };
		0B27E5F21E7726420012F20E /* Base */ = {isa = PBXFileReference; lastKnownFileType = file.storyboard; name = Base; path = Base.lproj/Main.storyboard; sourceTree = "<group>"; };
		0B27E5F41E7726420012F20E /* Assets.xcassets */ = {isa = PBXFileReference; lastKnownFileType = folder.assetcatalog; path = Assets.xcassets; sourceTree = "<group>"; };
		0B27E5F71E7726420012F20E /* Base */ = {isa = PBXFileReference; lastKnownFileType = file.storyboard; name = Base; path = Base.lproj/LaunchScreen.storyboard; sourceTree = "<group>"; };
		0B27E5F91E7726420012F20E /* Info.plist */ = {isa = PBXFileReference; lastKnownFileType = text.plist.xml; path = Info.plist; sourceTree = "<group>"; };
		0B27E6011E776E7B0012F20E /* Tornado Siren-SoundBible.com-897026957.wav */ = {isa = PBXFileReference; lastKnownFileType = audio.wav; name = "Tornado Siren-SoundBible.com-897026957.wav"; path = "Assets.xcassets/Tornado Siren-SoundBible.com-897026957.wav"; sourceTree = "<group>"; };
		0B27E6041E7778BD0012F20E /* MapKit.framework */ = {isa = PBXFileReference; lastKnownFileType = wrapper.framework; name = MapKit.framework; path = System/Library/Frameworks/MapKit.framework; sourceTree = SDKROOT; };
		0B27E6061E7778D40012F20E /* outage-alert.entitlements */ = {isa = PBXFileReference; lastKnownFileType = text.plist.entitlements; path = "outage-alert.entitlements"; sourceTree = "<group>"; };
		0B27E60B1E779E800012F20E /* DecisionViewController.swift */ = {isa = PBXFileReference; fileEncoding = 4; lastKnownFileType = sourcecode.swift; name = DecisionViewController.swift; path = ../DecisionViewController.swift; sourceTree = "<group>"; };
/* End PBXFileReference section */

/* Begin PBXFrameworksBuildPhase section */
		0B27E5E71E7726420012F20E /* Frameworks */ = {
			isa = PBXFrameworksBuildPhase;
			buildActionMask = 2147483647;
			files = (
				0B27E6051E7778BD0012F20E /* MapKit.framework in Frameworks */,
			);
			runOnlyForDeploymentPostprocessing = 0;
		};
/* End PBXFrameworksBuildPhase section */

/* Begin PBXGroup section */
		0B27E5E11E7726420012F20E = {
			isa = PBXGroup;
			children = (
				0B27E5EC1E7726420012F20E /* outage-alert */,
				0B27E5EB1E7726420012F20E /* Products */,
				0B27E6031E7778BD0012F20E /* Frameworks */,
			);
			sourceTree = "<group>";
		};
		0B27E5EB1E7726420012F20E /* Products */ = {
			isa = PBXGroup;
			children = (
				0B27E5EA1E7726420012F20E /* outage-alert.app */,
			);
			name = Products;
			sourceTree = "<group>";
		};
		0B27E5EC1E7726420012F20E /* outage-alert */ = {
			isa = PBXGroup;
			children = (
				0B27E6061E7778D40012F20E /* outage-alert.entitlements */,
				0B27E5ED1E7726420012F20E /* AppDelegate.swift */,
				0B27E5EF1E7726420012F20E /* ViewController.swift */,
				0B27E60B1E779E800012F20E /* DecisionViewController.swift */,
				0B27E5F11E7726420012F20E /* Main.storyboard */,
				0B27E5F41E7726420012F20E /* Assets.xcassets */,
				0B27E5F61E7726420012F20E /* LaunchScreen.storyboard */,
				0B27E6011E776E7B0012F20E /* Tornado Siren-SoundBible.com-897026957.wav */,
				0B27E5F91E7726420012F20E /* Info.plist */,
			);
			path = "outage-alert";
			sourceTree = "<group>";
		};
		0B27E6031E7778BD0012F20E /* Frameworks */ = {
			isa = PBXGroup;
			children = (
				0B27E6041E7778BD0012F20E /* MapKit.framework */,
			);
			name = Frameworks;
			sourceTree = "<group>";
		};
/* End PBXGroup section */

/* Begin PBXNativeTarget section */
		0B27E5E91E7726420012F20E /* outage-alert */ = {
			isa = PBXNativeTarget;
			buildConfigurationList = 0B27E5FC1E7726420012F20E /* Build configuration list for PBXNativeTarget "outage-alert" */;
			buildPhases = (
				0B27E5E61E7726420012F20E /* Sources */,
				0B27E5E71E7726420012F20E /* Frameworks */,
				0B27E5E81E7726420012F20E /* Resources */,
			);
			buildRules = (
			);
			dependencies = (
			);
			name = "outage-alert";
			productName = "outage-alert";
			productReference = 0B27E5EA1E7726420012F20E /* outage-alert.app */;
			productType = "com.apple.product-type.application";
		};
/* End PBXNativeTarget section */

/* Begin PBXProject section */
		0B27E5E21E7726420012F20E /* Project object */ = {
			isa = PBXProject;
			attributes = {
				LastSwiftUpdateCheck = 0820;
				LastUpgradeCheck = 0820;
				ORGANIZATIONNAME = "Christopher Ashton";
				TargetAttributes = {
					0B27E5E91E7726420012F20E = {
						CreatedOnToolsVersion = 8.2.1;
						DevelopmentTeam = PACJVE373K;
						ProvisioningStyle = Automatic;
						SystemCapabilities = {
							com.apple.BackgroundModes = {
								enabled = 1;
							};
							com.apple.Maps.iOS = {
								enabled = 1;
							};
							com.apple.Push = {
								enabled = 1;
							};
						};
					};
				};
			};
			buildConfigurationList = 0B27E5E51E7726420012F20E /* Build configuration list for PBXProject "outage-alert" */;
			compatibilityVersion = "Xcode 3.2";
			developmentRegion = English;
			hasScannedForEncodings = 0;
			knownRegions = (
				en,
				Base,
			);
			mainGroup = 0B27E5E11E7726420012F20E;
			productRefGroup = 0B27E5EB1E7726420012F20E /* Products */;
			projectDirPath = "";
			projectRoot = "";
			targets = (
				0B27E5E91E7726420012F20E /* outage-alert */,
			);
		};
/* End PBXProject section */

/* Begin PBXResourcesBuildPhase section */
		0B27E5E81E7726420012F20E /* Resources */ = {
			isa = PBXResourcesBuildPhase;
			buildActionMask = 2147483647;
			files = (
				0B27E5F81E7726420012F20E /* LaunchScreen.storyboard in Resources */,
				0B27E6021E776E7B0012F20E /* Tornado Siren-SoundBible.com-897026957.wav in Resources */,
				0B27E5F51E7726420012F20E /* Assets.xcassets in Resources */,
				0B27E5F31E7726420012F20E /* Main.storyboard in Resources */,
			);
			runOnlyForDeploymentPostprocessing = 0;
		};
/* End PBXResourcesBuildPhase section */

/* Begin PBXSourcesBuildPhase section */
		0B27E5E61E7726420012F20E /* Sources */ = {
			isa = PBXSourcesBuildPhase;
			buildActionMask = 2147483647;
			files = (
				0B27E5F01E7726420012F20E /* ViewController.swift in Sources */,
				0B27E60C1E779E800012F20E /* DecisionViewController.swift in Sources */,
				0B27E5EE1E7726420012F20E /* AppDelegate.swift in Sources */,
			);
			runOnlyForDeploymentPostprocessing = 0;
		};
/* End PBXSourcesBuildPhase section */

/* Begin PBXVariantGroup section */
		0B27E5F11E7726420012F20E /* Main.storyboard */ = {
			isa = PBXVariantGroup;
			children = (
				0B27E5F21E7726420012F20E /* Base */,
			);
			name = Main.storyboard;
			sourceTree = "<group>";
		};
		0B27E5F61E7726420012F20E /* LaunchScreen.storyboard */ = {
			isa = PBXVariantGroup;
			children = (
				0B27E5F71E7726420012F20E /* Base */,
			);
			name = LaunchScreen.storyboard;
			sourceTree = "<group>";
		};
/* End PBXVariantGroup section */

/* Begin XCBuildConfiguration section */
		0B27E5FA1E7726420012F20E /* Debug */ = {
			isa = XCBuildConfiguration;
			buildSettings = {
				ALWAYS_SEARCH_USER_PATHS = NO;
				CLANG_ANALYZER_NONNULL = YES;
				CLANG_CXX_LANGUAGE_STANDARD = "gnu++0x";
				CLANG_CXX_LIBRARY = "libc++";
				CLANG_ENABLE_MODULES = YES;
				CLANG_ENABLE_OBJC_ARC = YES;
				CLANG_WARN_BOOL_CONVERSION = YES;
				CLANG_WARN_CONSTANT_CONVERSION = YES;
				CLANG_WARN_DIRECT_OBJC_ISA_USAGE = YES_ERROR;
				CLANG_WARN_DOCUMENTATION_COMMENTS = YES;
				CLANG_WARN_EMPTY_BODY = YES;
				CLANG_WARN_ENUM_CONVERSION = YES;
				CLANG_WARN_INFINITE_RECURSION = YES;
				CLANG_WARN_INT_CONVERSION = YES;
				CLANG_WARN_OBJC_ROOT_CLASS = YES_ERROR;
				CLANG_WARN_SUSPICIOUS_MOVE = YES;
				CLANG_WARN_UNREACHABLE_CODE = YES;
				CLANG_WARN__DUPLICATE_METHOD_MATCH = YES;
				"CODE_SIGN_IDENTITY[sdk=iphoneos*]" = "iPhone Developer";
				COPY_PHASE_STRIP = NO;
				DEBUG_INFORMATION_FORMAT = dwarf;
				ENABLE_STRICT_OBJC_MSGSEND = YES;
				ENABLE_TESTABILITY = YES;
				GCC_C_LANGUAGE_STANDARD = gnu99;
				GCC_DYNAMIC_NO_PIC = NO;
				GCC_NO_COMMON_BLOCKS = YES;
				GCC_OPTIMIZATION_LEVEL = 0;
				GCC_PREPROCESSOR_DEFINITIONS = (
					"DEBUG=1",
					"$(inherited)",
				);
				GCC_WARN_64_TO_32_BIT_CONVERSION = YES;
				GCC_WARN_ABOUT_RETURN_TYPE = YES_ERROR;
				GCC_WARN_UNDECLARED_SELECTOR = YES;
				GCC_WARN_UNINITIALIZED_AUTOS = YES_AGGRESSIVE;
				GCC_WARN_UNUSED_FUNCTION = YES;
				GCC_WARN_UNUSED_VARIABLE = YES;
				IPHONEOS_DEPLOYMENT_TARGET = 10.2;
				MTL_ENABLE_DEBUG_INFO = YES;
				ONLY_ACTIVE_ARCH = YES;
				SDKROOT = iphoneos;
				SWIFT_ACTIVE_COMPILATION_CONDITIONS = DEBUG;
				SWIFT_OPTIMIZATION_LEVEL = "-Onone";
				TARGETED_DEVICE_FAMILY = "1,2";
			};
			name = Debug;
		};
		0B27E5FB1E7726420012F20E /* Release */ = {
			isa = XCBuildConfiguration;
			buildSettings = {
				ALWAYS_SEARCH_USER_PATHS = NO;
				CLANG_ANALYZER_NONNULL = YES;
				CLANG_CXX_LANGUAGE_STANDARD = "gnu++0x";
				CLANG_CXX_LIBRARY = "libc++";
				CLANG_ENABLE_MODULES = YES;
				CLANG_ENABLE_OBJC_ARC = YES;
				CLANG_WARN_BOOL_CONVERSION = YES;
				CLANG_WARN_CONSTANT_CONVERSION = YES;
				CLANG_WARN_DIRECT_OBJC_ISA_USAGE = YES_ERROR;
				CLANG_WARN_DOCUMENTATION_COMMENTS = YES;
				CLANG_WARN_EMPTY_BODY = YES;
				CLANG_WARN_ENUM_CONVERSION = YES;
				CLANG_WARN_INFINITE_RECURSION = YES;
				CLANG_WARN_INT_CONVERSION = YES;
				CLANG_WARN_OBJC_ROOT_CLASS = YES_ERROR;
				CLANG_WARN_SUSPICIOUS_MOVE = YES;
				CLANG_WARN_UNREACHABLE_CODE = YES;
				CLANG_WARN__DUPLICATE_METHOD_MATCH = YES;
				"CODE_SIGN_IDENTITY[sdk=iphoneos*]" = "iPhone Developer";
				COPY_PHASE_STRIP = NO;
				DEBUG_INFORMATION_FORMAT = "dwarf-with-dsym";
				ENABLE_NS_ASSERTIONS = NO;
				ENABLE_STRICT_OBJC_MSGSEND = YES;
				GCC_C_LANGUAGE_STANDARD = gnu99;
				GCC_NO_COMMON_BLOCKS = YES;
				GCC_WARN_64_TO_32_BIT_CONVERSION = YES;
				GCC_WARN_ABOUT_RETURN_TYPE = YES_ERROR;
				GCC_WARN_UNDECLARED_SELECTOR = YES;
				GCC_WARN_UNINITIALIZED_AUTOS = YES_AGGRESSIVE;
				GCC_WARN_UNUSED_FUNCTION = YES;
				GCC_WARN_UNUSED_VARIABLE = YES;
				IPHONEOS_DEPLOYMENT_TARGET = 10.2;
				MTL_ENABLE_DEBUG_INFO = NO;
				SDKROOT = iphoneos;
				SWIFT_OPTIMIZATION_LEVEL = "-Owholemodule";
				TARGETED_DEVICE_FAMILY = "1,2";
				VALIDATE_PRODUCT = YES;
			};
			name = Release;
		};
		0B27E5FD1E7726420012F20E /* Debug */ = {
			isa = XCBuildConfiguration;
			buildSettings = {
				ASSETCATALOG_COMPILER_APPICON_NAME = AppIcon;
				CODE_SIGN_ENTITLEMENTS = "outage-alert/outage-alert.entitlements";
				DEVELOPMENT_TEAM = PACJVE373K;
				INFOPLIST_FILE = "outage-alert/Info.plist";
				LD_RUNPATH_SEARCH_PATHS = "$(inherited) @executable_path/Frameworks";
				PRODUCT_BUNDLE_IDENTIFIER = "com.christopherashton.outage-alert";
				PRODUCT_NAME = "$(TARGET_NAME)";
				SWIFT_VERSION = 3.0;
			};
			name = Debug;
		};
		0B27E5FE1E7726420012F20E /* Release */ = {
			isa = XCBuildConfiguration;
			buildSettings = {
				ASSETCATALOG_COMPILER_APPICON_NAME = AppIcon;
				CODE_SIGN_ENTITLEMENTS = "outage-alert/outage-alert.entitlements";
				DEVELOPMENT_TEAM = PACJVE373K;
				INFOPLIST_FILE = "outage-alert/Info.plist";
				LD_RUNPATH_SEARCH_PATHS = "$(inherited) @executable_path/Frameworks";
				PRODUCT_BUNDLE_IDENTIFIER = "com.christopherashton.outage-alert";
				PRODUCT_NAME = "$(TARGET_NAME)";
				SWIFT_VERSION = 3.0;
			};
			name = Release;
		};
/* End XCBuildConfiguration section */

/* Begin XCConfigurationList section */
		0B27E5E51E7726420012F20E /* Build configuration list for PBXProject "outage-alert" */ = {
			isa = XCConfigurationList;
			buildConfigurations = (
				0B27E5FA1E7726420012F20E /* Debug */,
				0B27E5FB1E7726420012F20E /* Release */,
			);
			defaultConfigurationIsVisible = 0;
			defaultConfigurationName = Release;
		};
		0B27E5FC1E7726420012F20E /* Build configuration list for PBXNativeTarget "outage-alert" */ = {
			isa = XCConfigurationList;
			buildConfigurations = (
				0B27E5FD1E7726420012F20E /* Debug */,
				0B27E5FE1E7726420012F20E /* Release */,
			);
			defaultConfigurationIsVisible = 0;
		};
/* End XCConfigurationList section */
	};
	rootObject = 0B27E5E21E7726420012F20E /* Project object */;
}
